// !$*UTF8*$!
{
	archiveVersion = 1;
	classes = {
	};
	objectVersion = 55;
	objects = {

/* Begin PBXBuildFile section */
		04A83F482847751E00FB855C /* UIColor+Today.swift in Sources */ = {isa = PBXBuildFile; fileRef = 04A83F472847751D00FB855C /* UIColor+Today.swift */; };
		04A83F4B284841C100FB855C /* ReminderDoneButton.swift in Sources */ = {isa = PBXBuildFile; fileRef = 04A83F4A284841C100FB855C /* ReminderDoneButton.swift */; };
		04A83F4D2848430000FB855C /* ReminderListViewController+Actions.swift in Sources */ = {isa = PBXBuildFile; fileRef = 04A83F4C2848430000FB855C /* ReminderListViewController+Actions.swift */; };
		04A83F552849E03A00FB855C /* ReminderViewController.swift in Sources */ = {isa = PBXBuildFile; fileRef = 04A83F542849E03A00FB855C /* ReminderViewController.swift */; };
		04A83F582849E33800FB855C /* ReminderViewController+Row.swift in Sources */ = {isa = PBXBuildFile; fileRef = 04A83F572849E33800FB855C /* ReminderViewController+Row.swift */; };
		04B89E6128517A3D00E248FD /* ReminderViewController+Section.swift in Sources */ = {isa = PBXBuildFile; fileRef = 04B89E6028517A3D00E248FD /* ReminderViewController+Section.swift */; };
		04B89E682853600000E248FD /* ReminderViewController+CellConfiguration.swift in Sources */ = {isa = PBXBuildFile; fileRef = 04B89E6728535FFF00E248FD /* ReminderViewController+CellConfiguration.swift */; };
		04B89E6B28536B1800E248FD /* UIView+PinnedSubview.swift in Sources */ = {isa = PBXBuildFile; fileRef = 04B89E6A28536B1800E248FD /* UIView+PinnedSubview.swift */; };
		04B89E6D2853847D00E248FD /* TextFieldContentView.swift in Sources */ = {isa = PBXBuildFile; fileRef = 04B89E6C2853847D00E248FD /* TextFieldContentView.swift */; };
		04B89E6F285386CA00E248FD /* UIContentConfiguration+Stateless.swift in Sources */ = {isa = PBXBuildFile; fileRef = 04B89E6E285386CA00E248FD /* UIContentConfiguration+Stateless.swift */; };
		04B89E7128538E3700E248FD /* TextViewContentView.swift in Sources */ = {isa = PBXBuildFile; fileRef = 04B89E7028538E3700E248FD /* TextViewContentView.swift */; };
		04B89E732853939700E248FD /* DatePickerContentView.swift in Sources */ = {isa = PBXBuildFile; fileRef = 04B89E722853939700E248FD /* DatePickerContentView.swift */; };
		04D882D92846590400E6DA35 /* AppDelegate.swift in Sources */ = {isa = PBXBuildFile; fileRef = 04D882D82846590400E6DA35 /* AppDelegate.swift */; };
		04D882DB2846590400E6DA35 /* SceneDelegate.swift in Sources */ = {isa = PBXBuildFile; fileRef = 04D882DA2846590400E6DA35 /* SceneDelegate.swift */; };
		04D882DD2846590400E6DA35 /* ReminderListViewController.swift in Sources */ = {isa = PBXBuildFile; fileRef = 04D882DC2846590400E6DA35 /* ReminderListViewController.swift */; };
		04D882E02846590400E6DA35 /* Main.storyboard in Resources */ = {isa = PBXBuildFile; fileRef = 04D882DE2846590400E6DA35 /* Main.storyboard */; };
		04D882E22846590900E6DA35 /* Assets.xcassets in Resources */ = {isa = PBXBuildFile; fileRef = 04D882E12846590900E6DA35 /* Assets.xcassets */; };
		04D882E52846590900E6DA35 /* LaunchScreen.storyboard in Resources */ = {isa = PBXBuildFile; fileRef = 04D882E32846590900E6DA35 /* LaunchScreen.storyboard */; };
		04D882EE28465C4B00E6DA35 /* Reminder.swift in Sources */ = {isa = PBXBuildFile; fileRef = 04D882ED28465C4B00E6DA35 /* Reminder.swift */; };
		04D882F128468D7C00E6DA35 /* Date+Today.swift in Sources */ = {isa = PBXBuildFile; fileRef = 04D882F028468D7C00E6DA35 /* Date+Today.swift */; };
		04D882F42847534D00E6DA35 /* ReminderListViewController+DataSource.swift in Sources */ = {isa = PBXBuildFile; fileRef = 04D882F32847534D00E6DA35 /* ReminderListViewController+DataSource.swift */; };
/* End PBXBuildFile section */

/* Begin PBXFileReference section */
		04A83F472847751D00FB855C /* UIColor+Today.swift */ = {isa = PBXFileReference; lastKnownFileType = sourcecode.swift; path = "UIColor+Today.swift"; sourceTree = "<group>"; };
		04A83F4A284841C100FB855C /* ReminderDoneButton.swift */ = {isa = PBXFileReference; lastKnownFileType = sourcecode.swift; path = ReminderDoneButton.swift; sourceTree = "<group>"; };
		04A83F4C2848430000FB855C /* ReminderListViewController+Actions.swift */ = {isa = PBXFileReference; lastKnownFileType = sourcecode.swift; path = "ReminderListViewController+Actions.swift"; sourceTree = "<group>"; };
		04A83F542849E03A00FB855C /* ReminderViewController.swift */ = {isa = PBXFileReference; lastKnownFileType = sourcecode.swift; path = ReminderViewController.swift; sourceTree = "<group>"; };
		04A83F572849E33800FB855C /* ReminderViewController+Row.swift */ = {isa = PBXFileReference; lastKnownFileType = sourcecode.swift; path = "ReminderViewController+Row.swift"; sourceTree = "<group>"; };
		04B89E6028517A3D00E248FD /* ReminderViewController+Section.swift */ = {isa = PBXFileReference; lastKnownFileType = sourcecode.swift; path = "ReminderViewController+Section.swift"; sourceTree = "<group>"; };
		04B89E6728535FFF00E248FD /* ReminderViewController+CellConfiguration.swift */ = {isa = PBXFileReference; lastKnownFileType = sourcecode.swift; path = "ReminderViewController+CellConfiguration.swift"; sourceTree = "<group>"; };
		04B89E6A28536B1800E248FD /* UIView+PinnedSubview.swift */ = {isa = PBXFileReference; lastKnownFileType = sourcecode.swift; path = "UIView+PinnedSubview.swift"; sourceTree = "<group>"; };
		04B89E6C2853847D00E248FD /* TextFieldContentView.swift */ = {isa = PBXFileReference; lastKnownFileType = sourcecode.swift; path = TextFieldContentView.swift; sourceTree = "<group>"; };
		04B89E6E285386CA00E248FD /* UIContentConfiguration+Stateless.swift */ = {isa = PBXFileReference; lastKnownFileType = sourcecode.swift; path = "UIContentConfiguration+Stateless.swift"; sourceTree = "<group>"; };
		04B89E7028538E3700E248FD /* TextViewContentView.swift */ = {isa = PBXFileReference; lastKnownFileType = sourcecode.swift; path = TextViewContentView.swift; sourceTree = "<group>"; };
		04B89E722853939700E248FD /* DatePickerContentView.swift */ = {isa = PBXFileReference; lastKnownFileType = sourcecode.swift; path = DatePickerContentView.swift; sourceTree = "<group>"; };
		04D882D52846590400E6DA35 /* Today.app */ = {isa = PBXFileReference; explicitFileType = wrapper.application; includeInIndex = 0; path = Today.app; sourceTree = BUILT_PRODUCTS_DIR; };
		04D882D82846590400E6DA35 /* AppDelegate.swift */ = {isa = PBXFileReference; lastKnownFileType = sourcecode.swift; path = AppDelegate.swift; sourceTree = "<group>"; };
		04D882DA2846590400E6DA35 /* SceneDelegate.swift */ = {isa = PBXFileReference; lastKnownFileType = sourcecode.swift; path = SceneDelegate.swift; sourceTree = "<group>"; };
		04D882DC2846590400E6DA35 /* ReminderListViewController.swift */ = {isa = PBXFileReference; lastKnownFileType = sourcecode.swift; path = ReminderListViewController.swift; sourceTree = "<group>"; };
		04D882DF2846590400E6DA35 /* Base */ = {isa = PBXFileReference; lastKnownFileType = file.storyboard; name = Base; path = Base.lproj/Main.storyboard; sourceTree = "<group>"; };
		04D882E12846590900E6DA35 /* Assets.xcassets */ = {isa = PBXFileReference; lastKnownFileType = folder.assetcatalog; path = Assets.xcassets; sourceTree = "<group>"; };
		04D882E42846590900E6DA35 /* Base */ = {isa = PBXFileReference; lastKnownFileType = file.storyboard; name = Base; path = Base.lproj/LaunchScreen.storyboard; sourceTree = "<group>"; };
		04D882E62846590900E6DA35 /* Info.plist */ = {isa = PBXFileReference; lastKnownFileType = text.plist.xml; path = Info.plist; sourceTree = "<group>"; };
		04D882ED28465C4B00E6DA35 /* Reminder.swift */ = {isa = PBXFileReference; lastKnownFileType = sourcecode.swift; path = Reminder.swift; sourceTree = "<group>"; };
		04D882F028468D7C00E6DA35 /* Date+Today.swift */ = {isa = PBXFileReference; lastKnownFileType = sourcecode.swift; path = "Date+Today.swift"; sourceTree = "<group>"; };
		04D882F32847534D00E6DA35 /* ReminderListViewController+DataSource.swift */ = {isa = PBXFileReference; lastKnownFileType = sourcecode.swift; path = "ReminderListViewController+DataSource.swift"; sourceTree = "<group>"; };
/* End PBXFileReference section */

/* Begin PBXFrameworksBuildPhase section */
		04D882D22846590400E6DA35 /* Frameworks */ = {
			isa = PBXFrameworksBuildPhase;
			buildActionMask = 2147483647;
			files = (
			);
			runOnlyForDeploymentPostprocessing = 0;
		};
/* End PBXFrameworksBuildPhase section */

/* Begin PBXGroup section */
		04A83F492847B61400FB855C /* Storyboards */ = {
			isa = PBXGroup;
			children = (
				04D882DE2846590400E6DA35 /* Main.storyboard */,
				04D882E32846590900E6DA35 /* LaunchScreen.storyboard */,
			);
			path = Storyboards;
			sourceTree = "<group>";
		};
		04A83F562849E2E800FB855C /* DetailViewController */ = {
			isa = PBXGroup;
			children = (
				04A83F542849E03A00FB855C /* ReminderViewController.swift */,
				04A83F572849E33800FB855C /* ReminderViewController+Row.swift */,
				04B89E6028517A3D00E248FD /* ReminderViewController+Section.swift */,
				04B89E6728535FFF00E248FD /* ReminderViewController+CellConfiguration.swift */,
			);
			path = DetailViewController;
			sourceTree = "<group>";
		};
		04B89E6928536AA200E248FD /* ContentViews */ = {
			isa = PBXGroup;
			children = (
				04B89E6A28536B1800E248FD /* UIView+PinnedSubview.swift */,
				04B89E6C2853847D00E248FD /* TextFieldContentView.swift */,
				04B89E6E285386CA00E248FD /* UIContentConfiguration+Stateless.swift */,
				04B89E7028538E3700E248FD /* TextViewContentView.swift */,
				04B89E722853939700E248FD /* DatePickerContentView.swift */,
			);
			path = ContentViews;
			sourceTree = "<group>";
		};
		04D882CC2846590400E6DA35 = {
			isa = PBXGroup;
			children = (
				04D882D72846590400E6DA35 /* Today */,
				04D882D62846590400E6DA35 /* Products */,
			);
			sourceTree = "<group>";
		};
		04D882D62846590400E6DA35 /* Products */ = {
			isa = PBXGroup;
			children = (
				04D882D52846590400E6DA35 /* Today.app */,
			);
			name = Products;
			sourceTree = "<group>";
		};
		04D882D72846590400E6DA35 /* Today */ = {
			isa = PBXGroup;
			children = (
				04D882D82846590400E6DA35 /* AppDelegate.swift */,
				04D882DA2846590400E6DA35 /* SceneDelegate.swift */,
				04D882EC28465C3000E6DA35 /* Models */,
				04B89E6928536AA200E248FD /* ContentViews */,
				04D882F2284752C100E6DA35 /* ListViewController */,
				04A83F562849E2E800FB855C /* DetailViewController */,
				04A83F492847B61400FB855C /* Storyboards */,
				04D882EF28468D4D00E6DA35 /* Swift Extensions */,
				04D882E12846590900E6DA35 /* Assets.xcassets */,
				04D882E62846590900E6DA35 /* Info.plist */,
			);
			path = Today;
			sourceTree = "<group>";
		};
		04D882EC28465C3000E6DA35 /* Models */ = {
			isa = PBXGroup;
			children = (
				04D882ED28465C4B00E6DA35 /* Reminder.swift */,
			);
			path = Models;
			sourceTree = "<group>";
		};
		04D882EF28468D4D00E6DA35 /* Swift Extensions */ = {
			isa = PBXGroup;
			children = (
				04D882F028468D7C00E6DA35 /* Date+Today.swift */,
				04A83F472847751D00FB855C /* UIColor+Today.swift */,
			);
			path = "Swift Extensions";
			sourceTree = "<group>";
		};
		04D882F2284752C100E6DA35 /* ListViewController */ = {
			isa = PBXGroup;
			children = (
				04A83F4A284841C100FB855C /* ReminderDoneButton.swift */,
				04D882DC2846590400E6DA35 /* ReminderListViewController.swift */,
				04D882F32847534D00E6DA35 /* ReminderListViewController+DataSource.swift */,
				04A83F4C2848430000FB855C /* ReminderListViewController+Actions.swift */,
			);
			path = ListViewController;
			sourceTree = "<group>";
		};
/* End PBXGroup section */

/* Begin PBXNativeTarget section */
		04D882D42846590400E6DA35 /* Today */ = {
			isa = PBXNativeTarget;
			buildConfigurationList = 04D882E92846590900E6DA35 /* Build configuration list for PBXNativeTarget "Today" */;
			buildPhases = (
				04D882D12846590400E6DA35 /* Sources */,
				04D882D22846590400E6DA35 /* Frameworks */,
				04D882D32846590400E6DA35 /* Resources */,
			);
			buildRules = (
			);
			dependencies = (
			);
			name = Today;
			productName = Today;
			productReference = 04D882D52846590400E6DA35 /* Today.app */;
			productType = "com.apple.product-type.application";
		};
/* End PBXNativeTarget section */

/* Begin PBXProject section */
		04D882CD2846590400E6DA35 /* Project object */ = {
			isa = PBXProject;
			attributes = {
				BuildIndependentTargetsInParallel = 1;
				LastSwiftUpdateCheck = 1320;
				LastUpgradeCheck = 1320;
				TargetAttributes = {
					04D882D42846590400E6DA35 = {
						CreatedOnToolsVersion = 13.2.1;
					};
				};
			};
			buildConfigurationList = 04D882D02846590400E6DA35 /* Build configuration list for PBXProject "Today" */;
			compatibilityVersion = "Xcode 13.0";
			developmentRegion = en;
			hasScannedForEncodings = 0;
			knownRegions = (
				en,
				Base,
			);
			mainGroup = 04D882CC2846590400E6DA35;
			productRefGroup = 04D882D62846590400E6DA35 /* Products */;
			projectDirPath = "";
			projectRoot = "";
			targets = (
				04D882D42846590400E6DA35 /* Today */,
			);
		};
/* End PBXProject section */

/* Begin PBXResourcesBuildPhase section */
		04D882D32846590400E6DA35 /* Resources */ = {
			isa = PBXResourcesBuildPhase;
			buildActionMask = 2147483647;
			files = (
				04D882E52846590900E6DA35 /* LaunchScreen.storyboard in Resources */,
				04D882E22846590900E6DA35 /* Assets.xcassets in Resources */,
				04D882E02846590400E6DA35 /* Main.storyboard in Resources */,
			);
			runOnlyForDeploymentPostprocessing = 0;
		};
/* End PBXResourcesBuildPhase section */

/* Begin PBXSourcesBuildPhase section */
		04D882D12846590400E6DA35 /* Sources */ = {
			isa = PBXSourcesBuildPhase;
			buildActionMask = 2147483647;
			files = (
				04B89E6B28536B1800E248FD /* UIView+PinnedSubview.swift in Sources */,
				04B89E6128517A3D00E248FD /* ReminderViewController+Section.swift in Sources */,
				04B89E732853939700E248FD /* DatePickerContentView.swift in Sources */,
				04A83F482847751E00FB855C /* UIColor+Today.swift in Sources */,
				04A83F4D2848430000FB855C /* ReminderListViewController+Actions.swift in Sources */,
				04A83F552849E03A00FB855C /* ReminderViewController.swift in Sources */,
				04B89E6F285386CA00E248FD /* UIContentConfiguration+Stateless.swift in Sources */,
				04D882DD2846590400E6DA35 /* ReminderListViewController.swift in Sources */,
				04D882F128468D7C00E6DA35 /* Date+Today.swift in Sources */,
				04B89E6D2853847D00E248FD /* TextFieldContentView.swift in Sources */,
				04B89E7128538E3700E248FD /* TextViewContentView.swift in Sources */,
				04A83F582849E33800FB855C /* ReminderViewController+Row.swift in Sources */,
				04A83F4B284841C100FB855C /* ReminderDoneButton.swift in Sources */,
				04D882D92846590400E6DA35 /* AppDelegate.swift in Sources */,
				04B89E682853600000E248FD /* ReminderViewController+CellConfiguration.swift in Sources */,
				04D882DB2846590400E6DA35 /* SceneDelegate.swift in Sources */,
				04D882EE28465C4B00E6DA35 /* Reminder.swift in Sources */,
				04D882F42847534D00E6DA35 /* ReminderListViewController+DataSource.swift in Sources */,
			);
			runOnlyForDeploymentPostprocessing = 0;
		};
/* End PBXSourcesBuildPhase section */

/* Begin PBXVariantGroup section */
		04D882DE2846590400E6DA35 /* Main.storyboard */ = {
			isa = PBXVariantGroup;
			children = (
				04D882DF2846590400E6DA35 /* Base */,
			);
			name = Main.storyboard;
			sourceTree = "<group>";
		};
		04D882E32846590900E6DA35 /* LaunchScreen.storyboard */ = {
			isa = PBXVariantGroup;
			children = (
				04D882E42846590900E6DA35 /* Base */,
			);
			name = LaunchScreen.storyboard;
			sourceTree = "<group>";
		};
/* End PBXVariantGroup section */

/* Begin XCBuildConfiguration section */
		04D882E72846590900E6DA35 /* Debug */ = {
			isa = XCBuildConfiguration;
			buildSettings = {
				ALWAYS_SEARCH_USER_PATHS = NO;
				CLANG_ANALYZER_NONNULL = YES;
				CLANG_ANALYZER_NUMBER_OBJECT_CONVERSION = YES_AGGRESSIVE;
				CLANG_CXX_LANGUAGE_STANDARD = "gnu++17";
				CLANG_CXX_LIBRARY = "libc++";
				CLANG_ENABLE_MODULES = YES;
				CLANG_ENABLE_OBJC_ARC = YES;
				CLANG_ENABLE_OBJC_WEAK = YES;
				CLANG_WARN_BLOCK_CAPTURE_AUTORELEASING = YES;
				CLANG_WARN_BOOL_CONVERSION = YES;
				CLANG_WARN_COMMA = YES;
				CLANG_WARN_CONSTANT_CONVERSION = YES;
				CLANG_WARN_DEPRECATED_OBJC_IMPLEMENTATIONS = YES;
				CLANG_WARN_DIRECT_OBJC_ISA_USAGE = YES_ERROR;
				CLANG_WARN_DOCUMENTATION_COMMENTS = YES;
				CLANG_WARN_EMPTY_BODY = YES;
				CLANG_WARN_ENUM_CONVERSION = YES;
				CLANG_WARN_INFINITE_RECURSION = YES;
				CLANG_WARN_INT_CONVERSION = YES;
				CLANG_WARN_NON_LITERAL_NULL_CONVERSION = YES;
				CLANG_WARN_OBJC_IMPLICIT_RETAIN_SELF = YES;
				CLANG_WARN_OBJC_LITERAL_CONVERSION = YES;
				CLANG_WARN_OBJC_ROOT_CLASS = YES_ERROR;
				CLANG_WARN_QUOTED_INCLUDE_IN_FRAMEWORK_HEADER = YES;
				CLANG_WARN_RANGE_LOOP_ANALYSIS = YES;
				CLANG_WARN_STRICT_PROTOTYPES = YES;
				CLANG_WARN_SUSPICIOUS_MOVE = YES;
				CLANG_WARN_UNGUARDED_AVAILABILITY = YES_AGGRESSIVE;
				CLANG_WARN_UNREACHABLE_CODE = YES;
				CLANG_WARN__DUPLICATE_METHOD_MATCH = YES;
				COPY_PHASE_STRIP = NO;
				DEBUG_INFORMATION_FORMAT = dwarf;
				ENABLE_STRICT_OBJC_MSGSEND = YES;
				ENABLE_TESTABILITY = YES;
				GCC_C_LANGUAGE_STANDARD = gnu11;
				GCC_DYNAMIC_NO_PIC = NO;
				GCC_NO_COMMON_BLOCKS = YES;
				GCC_OPTIMIZATION_LEVEL = 0;
				GCC_PREPROCESSOR_DEFINITIONS = (
					"DEBUG=1",
					"$(inherited)",
				);
				GCC_WARN_64_TO_32_BIT_CONVERSION = YES;
				GCC_WARN_ABOUT_RETURN_TYPE = YES_ERROR;
				GCC_WARN_UNDECLARED_SELECTOR = YES;
				GCC_WARN_UNINITIALIZED_AUTOS = YES_AGGRESSIVE;
				GCC_WARN_UNUSED_FUNCTION = YES;
				GCC_WARN_UNUSED_VARIABLE = YES;
				IPHONEOS_DEPLOYMENT_TARGET = 15.2;
				MTL_ENABLE_DEBUG_INFO = INCLUDE_SOURCE;
				MTL_FAST_MATH = YES;
				ONLY_ACTIVE_ARCH = YES;
				SDKROOT = iphoneos;
				SWIFT_ACTIVE_COMPILATION_CONDITIONS = DEBUG;
				SWIFT_OPTIMIZATION_LEVEL = "-Onone";
			};
			name = Debug;
		};
		04D882E82846590900E6DA35 /* Release */ = {
			isa = XCBuildConfiguration;
			buildSettings = {
				ALWAYS_SEARCH_USER_PATHS = NO;
				CLANG_ANALYZER_NONNULL = YES;
				CLANG_ANALYZER_NUMBER_OBJECT_CONVERSION = YES_AGGRESSIVE;
				CLANG_CXX_LANGUAGE_STANDARD = "gnu++17";
				CLANG_CXX_LIBRARY = "libc++";
				CLANG_ENABLE_MODULES = YES;
				CLANG_ENABLE_OBJC_ARC = YES;
				CLANG_ENABLE_OBJC_WEAK = YES;
				CLANG_WARN_BLOCK_CAPTURE_AUTORELEASING = YES;
				CLANG_WARN_BOOL_CONVERSION = YES;
				CLANG_WARN_COMMA = YES;
				CLANG_WARN_CONSTANT_CONVERSION = YES;
				CLANG_WARN_DEPRECATED_OBJC_IMPLEMENTATIONS = YES;
				CLANG_WARN_DIRECT_OBJC_ISA_USAGE = YES_ERROR;
				CLANG_WARN_DOCUMENTATION_COMMENTS = YES;
				CLANG_WARN_EMPTY_BODY = YES;
				CLANG_WARN_ENUM_CONVERSION = YES;
				CLANG_WARN_INFINITE_RECURSION = YES;
				CLANG_WARN_INT_CONVERSION = YES;
				CLANG_WARN_NON_LITERAL_NULL_CONVERSION = YES;
				CLANG_WARN_OBJC_IMPLICIT_RETAIN_SELF = YES;
				CLANG_WARN_OBJC_LITERAL_CONVERSION = YES;
				CLANG_WARN_OBJC_ROOT_CLASS = YES_ERROR;
				CLANG_WARN_QUOTED_INCLUDE_IN_FRAMEWORK_HEADER = YES;
				CLANG_WARN_RANGE_LOOP_ANALYSIS = YES;
				CLANG_WARN_STRICT_PROTOTYPES = YES;
				CLANG_WARN_SUSPICIOUS_MOVE = YES;
				CLANG_WARN_UNGUARDED_AVAILABILITY = YES_AGGRESSIVE;
				CLANG_WARN_UNREACHABLE_CODE = YES;
				CLANG_WARN__DUPLICATE_METHOD_MATCH = YES;
				COPY_PHASE_STRIP = NO;
				DEBUG_INFORMATION_FORMAT = "dwarf-with-dsym";
				ENABLE_NS_ASSERTIONS = NO;
				ENABLE_STRICT_OBJC_MSGSEND = YES;
				GCC_C_LANGUAGE_STANDARD = gnu11;
				GCC_NO_COMMON_BLOCKS = YES;
				GCC_WARN_64_TO_32_BIT_CONVERSION = YES;
				GCC_WARN_ABOUT_RETURN_TYPE = YES_ERROR;
				GCC_WARN_UNDECLARED_SELECTOR = YES;
				GCC_WARN_UNINITIALIZED_AUTOS = YES_AGGRESSIVE;
				GCC_WARN_UNUSED_FUNCTION = YES;
				GCC_WARN_UNUSED_VARIABLE = YES;
				IPHONEOS_DEPLOYMENT_TARGET = 15.2;
				MTL_ENABLE_DEBUG_INFO = NO;
				MTL_FAST_MATH = YES;
				SDKROOT = iphoneos;
				SWIFT_COMPILATION_MODE = wholemodule;
				SWIFT_OPTIMIZATION_LEVEL = "-O";
				VALIDATE_PRODUCT = YES;
			};
			name = Release;
		};
		04D882EA2846590900E6DA35 /* Debug */ = {
			isa = XCBuildConfiguration;
			buildSettings = {
				ASSETCATALOG_COMPILER_APPICON_NAME = AppIcon;
				ASSETCATALOG_COMPILER_GLOBAL_ACCENT_COLOR_NAME = AccentColor;
				CODE_SIGN_STYLE = Automatic;
				CURRENT_PROJECT_VERSION = 1;
				DEVELOPMENT_TEAM = 6ZPB2R3KP8;
				GENERATE_INFOPLIST_FILE = YES;
				INFOPLIST_FILE = Today/Info.plist;
				INFOPLIST_KEY_UIApplicationSupportsIndirectInputEvents = YES;
				INFOPLIST_KEY_UILaunchStoryboardName = LaunchScreen;
				INFOPLIST_KEY_UIMainStoryboardFile = Main;
				INFOPLIST_KEY_UISupportedInterfaceOrientations = UIInterfaceOrientationPortrait;
				INFOPLIST_KEY_UISupportedInterfaceOrientations_iPad = "UIInterfaceOrientationPortrait UIInterfaceOrientationPortraitUpsideDown UIInterfaceOrientationLandscapeLeft UIInterfaceOrientationLandscapeRight";
				INFOPLIST_KEY_UISupportedInterfaceOrientations_iPhone = "UIInterfaceOrientationPortrait UIInterfaceOrientationLandscapeLeft UIInterfaceOrientationLandscapeRight";
				LD_RUNPATH_SEARCH_PATHS = (
					"$(inherited)",
					"@executable_path/Frameworks",
				);
				MARKETING_VERSION = 1.0;
				PRODUCT_BUNDLE_IDENTIFIER = com.waheedcodes.Today;
				PRODUCT_NAME = "$(TARGET_NAME)";
				SWIFT_EMIT_LOC_STRINGS = YES;
				SWIFT_VERSION = 5.0;
				TARGETED_DEVICE_FAMILY = "1,2";
			};
			name = Debug;
		};
		04D882EB2846590900E6DA35 /* Release */ = {
			isa = XCBuildConfiguration;
			buildSettings = {
				ASSETCATALOG_COMPILER_APPICON_NAME = AppIcon;
				ASSETCATALOG_COMPILER_GLOBAL_ACCENT_COLOR_NAME = AccentColor;
				CODE_SIGN_STYLE = Automatic;
				CURRENT_PROJECT_VERSION = 1;
				DEVELOPMENT_TEAM = 6ZPB2R3KP8;
				GENERATE_INFOPLIST_FILE = YES;
				INFOPLIST_FILE = Today/Info.plist;
				INFOPLIST_KEY_UIApplicationSupportsIndirectInputEvents = YES;
				INFOPLIST_KEY_UILaunchStoryboardName = LaunchScreen;
				INFOPLIST_KEY_UIMainStoryboardFile = Main;
				INFOPLIST_KEY_UISupportedInterfaceOrientations = UIInterfaceOrientationPortrait;
				INFOPLIST_KEY_UISupportedInterfaceOrientations_iPad = "UIInterfaceOrientationPortrait UIInterfaceOrientationPortraitUpsideDown UIInterfaceOrientationLandscapeLeft UIInterfaceOrientationLandscapeRight";
				INFOPLIST_KEY_UISupportedInterfaceOrientations_iPhone = "UIInterfaceOrientationPortrait UIInterfaceOrientationLandscapeLeft UIInterfaceOrientationLandscapeRight";
				LD_RUNPATH_SEARCH_PATHS = (
					"$(inherited)",
					"@executable_path/Frameworks",
				);
				MARKETING_VERSION = 1.0;
				PRODUCT_BUNDLE_IDENTIFIER = com.waheedcodes.Today;
				PRODUCT_NAME = "$(TARGET_NAME)";
				SWIFT_EMIT_LOC_STRINGS = YES;
				SWIFT_VERSION = 5.0;
				TARGETED_DEVICE_FAMILY = "1,2";
			};
			name = Release;
		};
/* End XCBuildConfiguration section */

/* Begin XCConfigurationList section */
		04D882D02846590400E6DA35 /* Build configuration list for PBXProject "Today" */ = {
			isa = XCConfigurationList;
			buildConfigurations = (
				04D882E72846590900E6DA35 /* Debug */,
				04D882E82846590900E6DA35 /* Release */,
			);
			defaultConfigurationIsVisible = 0;
			defaultConfigurationName = Release;
		};
		04D882E92846590900E6DA35 /* Build configuration list for PBXNativeTarget "Today" */ = {
			isa = XCConfigurationList;
			buildConfigurations = (
				04D882EA2846590900E6DA35 /* Debug */,
				04D882EB2846590900E6DA35 /* Release */,
			);
			defaultConfigurationIsVisible = 0;
			defaultConfigurationName = Release;
		};
/* End XCConfigurationList section */
	};
	rootObject = 04D882CD2846590400E6DA35 /* Project object */;
}
